
Microsoft Visual Studio Solution File, Format Version 12.00
# Visual Studio 15
VisualStudioVersion = 15.0.28010.2046
MinimumVisualStudioVersion = 10.0.40219.1
Project("{FAE04EC0-301F-11D3-BF4B-00C04F79EFBC}") = "MLibraryParser", "MLibraryParser\MLibraryParser.csproj", "{75298973-ED55-4A07-8AA7-AD1A108DDA39}"
EndProject
Project("{FAE04EC0-301F-11D3-BF4B-00C04F79EFBC}") = "Carallon.Database.Models", "LiteMic.Core.Fixture\Carallon.Database.Models.csproj", "{DB70913B-965E-41FB-8F97-5BFF6A25D0AB}"
EndProject
Project("{2150E333-8FDC-42A3-9474-1A3956D46DE8}") = "Tests", "Tests", "{38CE9C11-46FD-49D4-88D6-78222FFD72A0}"
EndProject
Project("{FAE04EC0-301F-11D3-BF4B-00C04F79EFBC}") = "Parser.Tests", "Parser.Tests\Parser.Tests.csproj", "{27E1597E-9481-4D7B-8F46-22C959C8B27B}"
EndProject
Project("{9A19103F-16F7-4668-BE54-9A1E7A4F7556}") = "LiteMic.Core.Models", "..\..\LiteMic\LX Core\LiteMic.Core.Models\LiteMic.Core.Models.csproj", "{37CF37EC-4ECF-4446-85BF-65C4171DDFF9}"
EndProject
Project("{9A19103F-16F7-4668-BE54-9A1E7A4F7556}") = "LiteMic.Core.Models.Abstractions", "..\..\LiteMic\LX Core\LiteMic.Core.Models.Abstractions\LiteMic.Core.Models.Abstractions.csproj", "{A47EDCCB-F3F8-454B-B743-842D5F547104}"
EndProject
Project("{FAE04EC0-301F-11D3-BF4B-00C04F79EFBC}") = "Converter", "Converter\Converter.csproj", "{4817BDAC-09EA-4D76-A7E0-F7A115BEBA58}"
EndProject
Project("{2150E333-8FDC-42A3-9474-1A3956D46DE8}") = "App", "App", "{E640A887-7CA7-4293-AA39-1568DDB17D5C}"
EndProject
Project("{2150E333-8FDC-42A3-9474-1A3956D46DE8}") = "Modules", "Modules", "{469ABB50-17BE-499A-8364-308A6CD4F767}"
EndProject
Project("{FAE04EC0-301F-11D3-BF4B-00C04F79EFBC}") = "LiteMic.Converter.Modules.Manufacturers", "LiteMic.Converter.Modules.Manufacturers\LiteMic.Converter.Modules.Manufacturers.csproj", "{11CF242C-32B4-487E-A0BE-F4AC3342DCB2}"
EndProject
Project("{FAE04EC0-301F-11D3-BF4B-00C04F79EFBC}") = "LiteMic.Converter.Modules.Setup", "LiteMic.Converter.Modules.Setup\LiteMic.Converter.Modules.Setup.csproj", "{CD8D53C8-7E4F-4C04-8E82-5A11E6CD1384}"
EndProject
Project("{FAE04EC0-301F-11D3-BF4B-00C04F79EFBC}") = "LiteMic.Converter.Shared", "LiteMic.Converter.Shared\LiteMic.Converter.Shared.csproj", "{F99052F5-BBF7-4C7F-895A-CAD36BA58E93}"
EndProject
Project("{FAE04EC0-301F-11D3-BF4B-00C04F79EFBC}") = "LiteMic.Converter.Modules.Fixtures", "LiteMic.Converter.Modules.Fixtures\LiteMic.Converter.Modules.Fixtures.csproj", "{6D40A2F1-85C1-4363-B129-675052094187}"
EndProject
Project("{FAE04EC0-301F-11D3-BF4B-00C04F79EFBC}") = "LiteMic.Converter.Service", "LiteMic.Converter.Service\LiteMic.Converter.Service.csproj", "{F58CA83B-69DE-4773-978E-84BCA5A188D2}"
EndProject
Project("{FAE04EC0-301F-11D3-BF4B-00C04F79EFBC}") = "ConversionService.Tests", "ConversionService.Tests\ConversionService.Tests.csproj", "{7AE1DBE9-34E4-42A9-B0C0-5DB7973B7C57}"
EndProject
Global
	GlobalSection(SolutionConfigurationPlatforms) = preSolution
		Debug|Any CPU = Debug|Any CPU
		Debug|x64 = Debug|x64
		Debug|x86 = Debug|x86
		Release|Any CPU = Release|Any CPU
		Release|x64 = Release|x64
		Release|x86 = Release|x86
	EndGlobalSection
	GlobalSection(ProjectConfigurationPlatforms) = postSolution
		{75298973-ED55-4A07-8AA7-AD1A108DDA39}.Debug|Any CPU.ActiveCfg = Debug|Any CPU
		{75298973-ED55-4A07-8AA7-AD1A108DDA39}.Debug|Any CPU.Build.0 = Debug|Any CPU
		{75298973-ED55-4A07-8AA7-AD1A108DDA39}.Debug|x64.ActiveCfg = Debug|Any CPU
		{75298973-ED55-4A07-8AA7-AD1A108DDA39}.Debug|x64.Build.0 = Debug|Any CPU
		{75298973-ED55-4A07-8AA7-AD1A108DDA39}.Debug|x86.ActiveCfg = Debug|Any CPU
		{75298973-ED55-4A07-8AA7-AD1A108DDA39}.Debug|x86.Build.0 = Debug|Any CPU
		{75298973-ED55-4A07-8AA7-AD1A108DDA39}.Release|Any CPU.ActiveCfg = Release|Any CPU
		{75298973-ED55-4A07-8AA7-AD1A108DDA39}.Release|Any CPU.Build.0 = Release|Any CPU
		{75298973-ED55-4A07-8AA7-AD1A108DDA39}.Release|x64.ActiveCfg = Release|Any CPU
		{75298973-ED55-4A07-8AA7-AD1A108DDA39}.Release|x64.Build.0 = Release|Any CPU
		{75298973-ED55-4A07-8AA7-AD1A108DDA39}.Release|x86.ActiveCfg = Release|Any CPU
		{75298973-ED55-4A07-8AA7-AD1A108DDA39}.Release|x86.Build.0 = Release|Any CPU
		{DB70913B-965E-41FB-8F97-5BFF6A25D0AB}.Debug|Any CPU.ActiveCfg = Debug|Any CPU
		{DB70913B-965E-41FB-8F97-5BFF6A25D0AB}.Debug|Any CPU.Build.0 = Debug|Any CPU
		{DB70913B-965E-41FB-8F97-5BFF6A25D0AB}.Debug|x64.ActiveCfg = Debug|Any CPU
		{DB70913B-965E-41FB-8F97-5BFF6A25D0AB}.Debug|x64.Build.0 = Debug|Any CPU
		{DB70913B-965E-41FB-8F97-5BFF6A25D0AB}.Debug|x86.ActiveCfg = Debug|Any CPU
		{DB70913B-965E-41FB-8F97-5BFF6A25D0AB}.Debug|x86.Build.0 = Debug|Any CPU
		{DB70913B-965E-41FB-8F97-5BFF6A25D0AB}.Release|Any CPU.ActiveCfg = Release|Any CPU
		{DB70913B-965E-41FB-8F97-5BFF6A25D0AB}.Release|Any CPU.Build.0 = Release|Any CPU
		{DB70913B-965E-41FB-8F97-5BFF6A25D0AB}.Release|x64.ActiveCfg = Release|Any CPU
		{DB70913B-965E-41FB-8F97-5BFF6A25D0AB}.Release|x64.Build.0 = Release|Any CPU
		{DB70913B-965E-41FB-8F97-5BFF6A25D0AB}.Release|x86.ActiveCfg = Release|Any CPU
		{DB70913B-965E-41FB-8F97-5BFF6A25D0AB}.Release|x86.Build.0 = Release|Any CPU
		{27E1597E-9481-4D7B-8F46-22C959C8B27B}.Debug|Any CPU.ActiveCfg = Debug|Any CPU
		{27E1597E-9481-4D7B-8F46-22C959C8B27B}.Debug|Any CPU.Build.0 = Debug|Any CPU
		{27E1597E-9481-4D7B-8F46-22C959C8B27B}.Debug|x64.ActiveCfg = Debug|Any CPU
		{27E1597E-9481-4D7B-8F46-22C959C8B27B}.Debug|x64.Build.0 = Debug|Any CPU
		{27E1597E-9481-4D7B-8F46-22C959C8B27B}.Debug|x86.ActiveCfg = Debug|Any CPU
		{27E1597E-9481-4D7B-8F46-22C959C8B27B}.Debug|x86.Build.0 = Debug|Any CPU
		{27E1597E-9481-4D7B-8F46-22C959C8B27B}.Release|Any CPU.ActiveCfg = Release|Any CPU
		{27E1597E-9481-4D7B-8F46-22C959C8B27B}.Release|Any CPU.Build.0 = Release|Any CPU
		{27E1597E-9481-4D7B-8F46-22C959C8B27B}.Release|x64.ActiveCfg = Release|Any CPU
		{27E1597E-9481-4D7B-8F46-22C959C8B27B}.Release|x64.Build.0 = Release|Any CPU
		{27E1597E-9481-4D7B-8F46-22C959C8B27B}.Release|x86.ActiveCfg = Release|Any CPU
		{27E1597E-9481-4D7B-8F46-22C959C8B27B}.Release|x86.Build.0 = Release|Any CPU
		{37CF37EC-4ECF-4446-85BF-65C4171DDFF9}.Debug|Any CPU.ActiveCfg = Debug|Any CPU
		{37CF37EC-4ECF-4446-85BF-65C4171DDFF9}.Debug|Any CPU.Build.0 = Debug|Any CPU
		{37CF37EC-4ECF-4446-85BF-65C4171DDFF9}.Debug|x64.ActiveCfg = Debug|Any CPU
		{37CF37EC-4ECF-4446-85BF-65C4171DDFF9}.Debug|x64.Build.0 = Debug|Any CPU
		{37CF37EC-4ECF-4446-85BF-65C4171DDFF9}.Debug|x86.ActiveCfg = Debug|Any CPU
		{37CF37EC-4ECF-4446-85BF-65C4171DDFF9}.Debug|x86.Build.0 = Debug|Any CPU
		{37CF37EC-4ECF-4446-85BF-65C4171DDFF9}.Release|Any CPU.ActiveCfg = Release|Any CPU
		{37CF37EC-4ECF-4446-85BF-65C4171DDFF9}.Release|Any CPU.Build.0 = Release|Any CPU
		{37CF37EC-4ECF-4446-85BF-65C4171DDFF9}.Release|x64.ActiveCfg = Release|Any CPU
		{37CF37EC-4ECF-4446-85BF-65C4171DDFF9}.Release|x64.Build.0 = Release|Any CPU
		{37CF37EC-4ECF-4446-85BF-65C4171DDFF9}.Release|x86.ActiveCfg = Release|Any CPU
		{37CF37EC-4ECF-4446-85BF-65C4171DDFF9}.Release|x86.Build.0 = Release|Any CPU
		{A47EDCCB-F3F8-454B-B743-842D5F547104}.Debug|Any CPU.ActiveCfg = Debug|Any CPU
		{A47EDCCB-F3F8-454B-B743-842D5F547104}.Debug|Any CPU.Build.0 = Debug|Any CPU
		{A47EDCCB-F3F8-454B-B743-842D5F547104}.Debug|x64.ActiveCfg = Debug|Any CPU
		{A47EDCCB-F3F8-454B-B743-842D5F547104}.Debug|x64.Build.0 = Debug|Any CPU
		{A47EDCCB-F3F8-454B-B743-842D5F547104}.Debug|x86.ActiveCfg = Debug|Any CPU
		{A47EDCCB-F3F8-454B-B743-842D5F547104}.Debug|x86.Build.0 = Debug|Any CPU
		{A47EDCCB-F3F8-454B-B743-842D5F547104}.Release|Any CPU.ActiveCfg = Release|Any CPU
		{A47EDCCB-F3F8-454B-B743-842D5F547104}.Release|Any CPU.Build.0 = Release|Any CPU
		{A47EDCCB-F3F8-454B-B743-842D5F547104}.Release|x64.ActiveCfg = Release|Any CPU
		{A47EDCCB-F3F8-454B-B743-842D5F547104}.Release|x64.Build.0 = Release|Any CPU
		{A47EDCCB-F3F8-454B-B743-842D5F547104}.Release|x86.ActiveCfg = Release|Any CPU
		{A47EDCCB-F3F8-454B-B743-842D5F547104}.Release|x86.Build.0 = Release|Any CPU
		{4817BDAC-09EA-4D76-A7E0-F7A115BEBA58}.Debug|Any CPU.ActiveCfg = Debug|Any CPU
		{4817BDAC-09EA-4D76-A7E0-F7A115BEBA58}.Debug|Any CPU.Build.0 = Debug|Any CPU
		{4817BDAC-09EA-4D76-A7E0-F7A115BEBA58}.Debug|x64.ActiveCfg = Debug|Any CPU
		{4817BDAC-09EA-4D76-A7E0-F7A115BEBA58}.Debug|x64.Build.0 = Debug|Any CPU
		{4817BDAC-09EA-4D76-A7E0-F7A115BEBA58}.Debug|x86.ActiveCfg = Debug|Any CPU
		{4817BDAC-09EA-4D76-A7E0-F7A115BEBA58}.Debug|x86.Build.0 = Debug|Any CPU
		{4817BDAC-09EA-4D76-A7E0-F7A115BEBA58}.Release|Any CPU.ActiveCfg = Release|Any CPU
		{4817BDAC-09EA-4D76-A7E0-F7A115BEBA58}.Release|Any CPU.Build.0 = Release|Any CPU
		{4817BDAC-09EA-4D76-A7E0-F7A115BEBA58}.Release|x64.ActiveCfg = Release|Any CPU
		{4817BDAC-09EA-4D76-A7E0-F7A115BEBA58}.Release|x64.Build.0 = Release|Any CPU
		{4817BDAC-09EA-4D76-A7E0-F7A115BEBA58}.Release|x86.ActiveCfg = Release|Any CPU
		{4817BDAC-09EA-4D76-A7E0-F7A115BEBA58}.Release|x86.Build.0 = Release|Any CPU
		{11CF242C-32B4-487E-A0BE-F4AC3342DCB2}.Debug|Any CPU.ActiveCfg = Debug|Any CPU
		{11CF242C-32B4-487E-A0BE-F4AC3342DCB2}.Debug|Any CPU.Build.0 = Debug|Any CPU
		{11CF242C-32B4-487E-A0BE-F4AC3342DCB2}.Debug|x64.ActiveCfg = Debug|Any CPU
		{11CF242C-32B4-487E-A0BE-F4AC3342DCB2}.Debug|x64.Build.0 = Debug|Any CPU
		{11CF242C-32B4-487E-A0BE-F4AC3342DCB2}.Debug|x86.ActiveCfg = Debug|Any CPU
		{11CF242C-32B4-487E-A0BE-F4AC3342DCB2}.Debug|x86.Build.0 = Debug|Any CPU
		{11CF242C-32B4-487E-A0BE-F4AC3342DCB2}.Release|Any CPU.ActiveCfg = Release|Any CPU
		{11CF242C-32B4-487E-A0BE-F4AC3342DCB2}.Release|Any CPU.Build.0 = Release|Any CPU
		{11CF242C-32B4-487E-A0BE-F4AC3342DCB2}.Release|x64.ActiveCfg = Release|Any CPU
		{11CF242C-32B4-487E-A0BE-F4AC3342DCB2}.Release|x64.Build.0 = Release|Any CPU
		{11CF242C-32B4-487E-A0BE-F4AC3342DCB2}.Release|x86.ActiveCfg = Release|Any CPU
		{11CF242C-32B4-487E-A0BE-F4AC3342DCB2}.Release|x86.Build.0 = Release|Any CPU
		{CD8D53C8-7E4F-4C04-8E82-5A11E6CD1384}.Debug|Any CPU.ActiveCfg = Debug|Any CPU
		{CD8D53C8-7E4F-4C04-8E82-5A11E6CD1384}.Debug|Any CPU.Build.0 = Debug|Any CPU
		{CD8D53C8-7E4F-4C04-8E82-5A11E6CD1384}.Debug|x64.ActiveCfg = Debug|Any CPU
		{CD8D53C8-7E4F-4C04-8E82-5A11E6CD1384}.Debug|x64.Build.0 = Debug|Any CPU
		{CD8D53C8-7E4F-4C04-8E82-5A11E6CD1384}.Debug|x86.ActiveCfg = Debug|Any CPU
		{CD8D53C8-7E4F-4C04-8E82-5A11E6CD1384}.Debug|x86.Build.0 = Debug|Any CPU
		{CD8D53C8-7E4F-4C04-8E82-5A11E6CD1384}.Release|Any CPU.ActiveCfg = Release|Any CPU
		{CD8D53C8-7E4F-4C04-8E82-5A11E6CD1384}.Release|Any CPU.Build.0 = Release|Any CPU
		{CD8D53C8-7E4F-4C04-8E82-5A11E6CD1384}.Release|x64.ActiveCfg = Release|Any CPU
		{CD8D53C8-7E4F-4C04-8E82-5A11E6CD1384}.Release|x64.Build.0 = Release|Any CPU
		{CD8D53C8-7E4F-4C04-8E82-5A11E6CD1384}.Release|x86.ActiveCfg = Release|Any CPU
		{CD8D53C8-7E4F-4C04-8E82-5A11E6CD1384}.Release|x86.Build.0 = Release|Any CPU
		{F99052F5-BBF7-4C7F-895A-CAD36BA58E93}.Debug|Any CPU.ActiveCfg = Debug|Any CPU
		{F99052F5-BBF7-4C7F-895A-CAD36BA58E93}.Debug|Any CPU.Build.0 = Debug|Any CPU
		{F99052F5-BBF7-4C7F-895A-CAD36BA58E93}.Debug|x64.ActiveCfg = Debug|Any CPU
		{F99052F5-BBF7-4C7F-895A-CAD36BA58E93}.Debug|x64.Build.0 = Debug|Any CPU
		{F99052F5-BBF7-4C7F-895A-CAD36BA58E93}.Debug|x86.ActiveCfg = Debug|Any CPU
		{F99052F5-BBF7-4C7F-895A-CAD36BA58E93}.Debug|x86.Build.0 = Debug|Any CPU
		{F99052F5-BBF7-4C7F-895A-CAD36BA58E93}.Release|Any CPU.ActiveCfg = Release|Any CPU
		{F99052F5-BBF7-4C7F-895A-CAD36BA58E93}.Release|Any CPU.Build.0 = Release|Any CPU
		{F99052F5-BBF7-4C7F-895A-CAD36BA58E93}.Release|x64.ActiveCfg = Release|Any CPU
		{F99052F5-BBF7-4C7F-895A-CAD36BA58E93}.Release|x64.Build.0 = Release|Any CPU
		{F99052F5-BBF7-4C7F-895A-CAD36BA58E93}.Release|x86.ActiveCfg = Release|Any CPU
		{F99052F5-BBF7-4C7F-895A-CAD36BA58E93}.Release|x86.Build.0 = Release|Any CPU
		{6D40A2F1-85C1-4363-B129-675052094187}.Debug|Any CPU.ActiveCfg = Debug|Any CPU
		{6D40A2F1-85C1-4363-B129-675052094187}.Debug|Any CPU.Build.0 = Debug|Any CPU
		{6D40A2F1-85C1-4363-B129-675052094187}.Debug|x64.ActiveCfg = Debug|Any CPU
		{6D40A2F1-85C1-4363-B129-675052094187}.Debug|x64.Build.0 = Debug|Any CPU
		{6D40A2F1-85C1-4363-B129-675052094187}.Debug|x86.ActiveCfg = Debug|Any CPU
		{6D40A2F1-85C1-4363-B129-675052094187}.Debug|x86.Build.0 = Debug|Any CPU
		{6D40A2F1-85C1-4363-B129-675052094187}.Release|Any CPU.ActiveCfg = Release|Any CPU
		{6D40A2F1-85C1-4363-B129-675052094187}.Release|Any CPU.Build.0 = Release|Any CPU
		{6D40A2F1-85C1-4363-B129-675052094187}.Release|x64.ActiveCfg = Release|Any CPU
		{6D40A2F1-85C1-4363-B129-675052094187}.Release|x64.Build.0 = Release|Any CPU
		{6D40A2F1-85C1-4363-B129-675052094187}.Release|x86.ActiveCfg = Release|Any CPU
		{6D40A2F1-85C1-4363-B129-675052094187}.Release|x86.Build.0 = Release|Any CPU
		{F58CA83B-69DE-4773-978E-84BCA5A188D2}.Debug|Any CPU.ActiveCfg = Debug|Any CPU
		{F58CA83B-69DE-4773-978E-84BCA5A188D2}.Debug|Any CPU.Build.0 = Debug|Any CPU
		{F58CA83B-69DE-4773-978E-84BCA5A188D2}.Debug|x64.ActiveCfg = Debug|Any CPU
		{F58CA83B-69DE-4773-978E-84BCA5A188D2}.Debug|x64.Build.0 = Debug|Any CPU
		{F58CA83B-69DE-4773-978E-84BCA5A188D2}.Debug|x86.ActiveCfg = Debug|Any CPU
		{F58CA83B-69DE-4773-978E-84BCA5A188D2}.Debug|x86.Build.0 = Debug|Any CPU
		{F58CA83B-69DE-4773-978E-84BCA5A188D2}.Release|Any CPU.ActiveCfg = Release|Any CPU
		{F58CA83B-69DE-4773-978E-84BCA5A188D2}.Release|Any CPU.Build.0 = Release|Any CPU
		{F58CA83B-69DE-4773-978E-84BCA5A188D2}.Release|x64.ActiveCfg = Release|Any CPU
		{F58CA83B-69DE-4773-978E-84BCA5A188D2}.Release|x64.Build.0 = Release|Any CPU
		{F58CA83B-69DE-4773-978E-84BCA5A188D2}.Release|x86.ActiveCfg = Release|Any CPU
		{F58CA83B-69DE-4773-978E-84BCA5A188D2}.Release|x86.Build.0 = Release|Any CPU
		{7AE1DBE9-34E4-42A9-B0C0-5DB7973B7C57}.Debug|Any CPU.ActiveCfg = Debug|Any CPU
		{7AE1DBE9-34E4-42A9-B0C0-5DB7973B7C57}.Debug|Any CPU.Build.0 = Debug|Any CPU
		{7AE1DBE9-34E4-42A9-B0C0-5DB7973B7C57}.Debug|x64.ActiveCfg = Debug|Any CPU
		{7AE1DBE9-34E4-42A9-B0C0-5DB7973B7C57}.Debug|x64.Build.0 = Debug|Any CPU
		{7AE1DBE9-34E4-42A9-B0C0-5DB7973B7C57}.Debug|x86.ActiveCfg = Debug|Any CPU
		{7AE1DBE9-34E4-42A9-B0C0-5DB7973B7C57}.Debug|x86.Build.0 = Debug|Any CPU
		{7AE1DBE9-34E4-42A9-B0C0-5DB7973B7C57}.Release|Any CPU.ActiveCfg = Release|Any CPU
		{7AE1DBE9-34E4-42A9-B0C0-5DB7973B7C57}.Release|Any CPU.Build.0 = Release|Any CPU
		{7AE1DBE9-34E4-42A9-B0C0-5DB7973B7C57}.Release|x64.ActiveCfg = Release|Any CPU
		{7AE1DBE9-34E4-42A9-B0C0-5DB7973B7C57}.Release|x64.Build.0 = Release|Any CPU
		{7AE1DBE9-34E4-42A9-B0C0-5DB7973B7C57}.Release|x86.ActiveCfg = Release|Any CPU
		{7AE1DBE9-34E4-42A9-B0C0-5DB7973B7C57}.Release|x86.Build.0 = Release|Any CPU
	EndGlobalSection
	GlobalSection(SolutionProperties) = preSolution
		HideSolutionNode = FALSE
	EndGlobalSection
	GlobalSection(NestedProjects) = preSolution
		{27E1597E-9481-4D7B-8F46-22C959C8B27B} = {38CE9C11-46FD-49D4-88D6-78222FFD72A0}
		{4817BDAC-09EA-4D76-A7E0-F7A115BEBA58} = {E640A887-7CA7-4293-AA39-1568DDB17D5C}
		{469ABB50-17BE-499A-8364-308A6CD4F767} = {E640A887-7CA7-4293-AA39-1568DDB17D5C}
		{11CF242C-32B4-487E-A0BE-F4AC3342DCB2} = {469ABB50-17BE-499A-8364-308A6CD4F767}
		{CD8D53C8-7E4F-4C04-8E82-5A11E6CD1384} = {469ABB50-17BE-499A-8364-308A6CD4F767}
		{F99052F5-BBF7-4C7F-895A-CAD36BA58E93} = {E640A887-7CA7-4293-AA39-1568DDB17D5C}
		{6D40A2F1-85C1-4363-B129-675052094187} = {469ABB50-17BE-499A-8364-308A6CD4F767}
		{F58CA83B-69DE-4773-978E-84BCA5A188D2} = {E640A887-7CA7-4293-AA39-1568DDB17D5C}
		{7AE1DBE9-34E4-42A9-B0C0-5DB7973B7C57} = {38CE9C11-46FD-49D4-88D6-78222FFD72A0}
	EndGlobalSection
	GlobalSection(ExtensibilityGlobals) = postSolution
		SolutionGuid = {61337D9B-646B-40F3-9FEC-3BA8DDCB1547}
	EndGlobalSection
EndGlobal
