
Microsoft Visual Studio Solution File, Format Version 12.00
# Visual Studio 14
VisualStudioVersion = 14.0.23107.0
MinimumVisualStudioVersion = 10.0.40219.1
Project("{FAE04EC0-301F-11D3-BF4B-00C04F79EFBC}") = "MLibraryParser", "MLibraryParser\MLibraryParser.csproj", "{75298973-ED55-4A07-8AA7-AD1A108DDA39}"
EndProject
Project("{FAE04EC0-301F-11D3-BF4B-00C04F79EFBC}") = "LiteMic.Core.Fixture", "LiteMic.Core.Fixture\LiteMic.Core.Fixture.csproj", "{DB70913B-965E-41FB-8F97-5BFF6A25D0AB}"
EndProject
Project("{2150E333-8FDC-42A3-9474-1A3956D46DE8}") = "Tests", "Tests", "{38CE9C11-46FD-49D4-88D6-78222FFD72A0}"
EndProject
Project("{FAE04EC0-301F-11D3-BF4B-00C04F79EFBC}") = "Parser.Tests", "Parser.Tests\Parser.Tests.csproj", "{27E1597E-9481-4D7B-8F46-22C959C8B27B}"
EndProject
Project("{FAE04EC0-301F-11D3-BF4B-00C04F79EFBC}") = "LiteMic.Core", "LiteMic.Core\LiteMic.Core.csproj", "{B259E53B-3F84-4868-B420-BAC3435A1BC9}"
EndProject
Global
	GlobalSection(SolutionConfigurationPlatforms) = preSolution
		Debug|Any CPU = Debug|Any CPU
		Release|Any CPU = Release|Any CPU
	EndGlobalSection
	GlobalSection(ProjectConfigurationPlatforms) = postSolution
		{75298973-ED55-4A07-8AA7-AD1A108DDA39}.Debug|Any CPU.ActiveCfg = Debug|Any CPU
		{75298973-ED55-4A07-8AA7-AD1A108DDA39}.Debug|Any CPU.Build.0 = Debug|Any CPU
		{75298973-ED55-4A07-8AA7-AD1A108DDA39}.Release|Any CPU.ActiveCfg = Release|Any CPU
		{75298973-ED55-4A07-8AA7-AD1A108DDA39}.Release|Any CPU.Build.0 = Release|Any CPU
		{DB70913B-965E-41FB-8F97-5BFF6A25D0AB}.Debug|Any CPU.ActiveCfg = Debug|Any CPU
		{DB70913B-965E-41FB-8F97-5BFF6A25D0AB}.Debug|Any CPU.Build.0 = Debug|Any CPU
		{DB70913B-965E-41FB-8F97-5BFF6A25D0AB}.Release|Any CPU.ActiveCfg = Release|Any CPU
		{DB70913B-965E-41FB-8F97-5BFF6A25D0AB}.Release|Any CPU.Build.0 = Release|Any CPU
		{27E1597E-9481-4D7B-8F46-22C959C8B27B}.Debug|Any CPU.ActiveCfg = Debug|Any CPU
		{27E1597E-9481-4D7B-8F46-22C959C8B27B}.Debug|Any CPU.Build.0 = Debug|Any CPU
		{27E1597E-9481-4D7B-8F46-22C959C8B27B}.Release|Any CPU.ActiveCfg = Release|Any CPU
		{27E1597E-9481-4D7B-8F46-22C959C8B27B}.Release|Any CPU.Build.0 = Release|Any CPU
		{B259E53B-3F84-4868-B420-BAC3435A1BC9}.Debug|Any CPU.ActiveCfg = Debug|Any CPU
		{B259E53B-3F84-4868-B420-BAC3435A1BC9}.Debug|Any CPU.Build.0 = Debug|Any CPU
		{B259E53B-3F84-4868-B420-BAC3435A1BC9}.Release|Any CPU.ActiveCfg = Release|Any CPU
		{B259E53B-3F84-4868-B420-BAC3435A1BC9}.Release|Any CPU.Build.0 = Release|Any CPU
	EndGlobalSection
	GlobalSection(SolutionProperties) = preSolution
		HideSolutionNode = FALSE
	EndGlobalSection
	GlobalSection(NestedProjects) = preSolution
		{27E1597E-9481-4D7B-8F46-22C959C8B27B} = {38CE9C11-46FD-49D4-88D6-78222FFD72A0}
	EndGlobalSection
EndGlobal
